{
    "_readme": [
        "This file locks the dependencies of your project to a known state",
        "Read more about it at https://getcomposer.org/doc/01-basic-usage.md#composer-lock-the-lock-file",
        "This file is @generated automatically"
    ],
    "hash": "990df61057f4487901b3a1edc9e4021d",
    "content-hash": "78e3cff2ee976431bb1ebebba71c2aa9",
    "packages": [
        {
            "name": "cora/cora-framework",
            "version": "v1.1.7",
            "source": {
                "type": "git",
                "url": "https://github.com/joebubna/cora-framework.git",
                "reference": "19914982150f873db3c4b49bd6343c8e8dcaf8c3"
            },
            "dist": {
                "type": "zip",
                "url": "https://api.github.com/repos/joebubna/cora-framework/zipball/19914982150f873db3c4b49bd6343c8e8dcaf8c3",
                "reference": "19914982150f873db3c4b49bd6343c8e8dcaf8c3",
                "shasum": ""
            },
            "require": {
                "php": ">=5.3.0"
            },
            "type": "library",
            "notification-url": "https://packagist.org/downloads/",
            "license": [
                "MIT"
            ],
            "authors": [
                {
                    "name": "Josiah Bubna"
                },
                {
                    "name": "Aaron Rabideau"
                }
            ],
            "description": "A framework for easily building MVC style web applications.",
            "keywords": [
                "cora",
                "framework"
            ],
            "time": "2016-04-14 17:05:25"
        }
    ],
    "packages-dev": [],
    "aliases": [],
    "minimum-stability": "stable",
    "stability-flags": [],
    "prefer-stable": false,
    "prefer-lowest": false,
    "platform": {
        "php": ">=5.3.0"
    },
    "platform-dev": []
}
